[root]
name = "rogue"
version = "0.0.1"
dependencies = [
 "tcod 0.3.0 (git+https://github.com/tomassedovic/tcod-rs.git)",
]

[[package]]
name = "tcod"
version = "0.3.0"
source = "git+https://github.com/tomassedovic/tcod-rs.git#a4ddc861b293bde971ae535ffec62a7817946137"
dependencies = [
 "tcod-sys 1.5.2 (git+https://github.com/tomassedovic/tcod-rs.git)",
]

[[package]]
name = "tcod-sys"
version = "1.5.2"
source = "git+https://github.com/tomassedovic/tcod-rs.git#a4ddc861b293bde971ae535ffec62a7817946137"

