[root]
name = "moria"
version = "0.0.1"
dependencies = [
 "rogue 0.0.2",
 "tcod 0.3.3 (registry+https://github.com/rust-lang/crates.io-index)",
]

[[package]]
name = "rogue"
version = "0.0.2"

[[package]]
name = "tcod"
version = "0.3.3"
source = "registry+https://github.com/rust-lang/crates.io-index"
dependencies = [
 "tcod-sys 1.5.2 (registry+https://github.com/rust-lang/crates.io-index)",
]

[[package]]
name = "tcod-sys"
version = "1.5.2"
source = "registry+https://github.com/rust-lang/crates.io-index"

